
Microsoft Visual Studio Solution File, Format Version 12.00
# Visual Studio Version 16
VisualStudioVersion = 16.0.30907.101
MinimumVisualStudioVersion = 10.0.40219.1
Project("{FAE04EC0-301F-11D3-BF4B-00C04F79EFBC}") = "RPSLS", "RPSLS\RPSLS.csproj", "{5410F02C-E65E-4594-98D2-A1050C4FF01B}"
EndProject
Global
	GlobalSection(SolutionConfigurationPlatforms) = preSolution
		Debug|Any CPU = Debug|Any CPU
		Release|Any CPU = Release|Any CPU
	EndGlobalSection
	GlobalSection(ProjectConfigurationPlatforms) = postSolution
		{5410F02C-E65E-4594-98D2-A1050C4FF01B}.Debug|Any CPU.ActiveCfg = Debug|Any CPU
		{5410F02C-E65E-4594-98D2-A1050C4FF01B}.Debug|Any CPU.Build.0 = Debug|Any CPU
		{5410F02C-E65E-4594-98D2-A1050C4FF01B}.Release|Any CPU.ActiveCfg = Release|Any CPU
		{5410F02C-E65E-4594-98D2-A1050C4FF01B}.Release|Any CPU.Build.0 = Release|Any CPU
	EndGlobalSection
	GlobalSection(SolutionProperties) = preSolution
		HideSolutionNode = FALSE
	EndGlobalSection
	GlobalSection(ExtensibilityGlobals) = postSolution
		SolutionGuid = {4D11F499-8E08-4E59-8E03-D4CF822E4DC4}
	EndGlobalSection
EndGlobal
